
Microsoft Visual Studio Solution File, Format Version 12.00
# Visual Studio Version 17
VisualStudioVersion = 17.0.32126.317
MinimumVisualStudioVersion = 10.0.40219.1
Project("{FAE04EC0-301F-11D3-BF4B-00C04F79EFBC}") = "WebApiDemo", "WebApiDemo.csproj", "{7DA24E85-7023-43B8-BF8A-9A4724A53866}"
EndProject
Global
	GlobalSection(SolutionConfigurationPlatforms) = preSolution
		Debug|Any CPU = Debug|Any CPU
		Release|Any CPU = Release|Any CPU
	EndGlobalSection
	GlobalSection(ProjectConfigurationPlatforms) = postSolution
		{7DA24E85-7023-43B8-BF8A-9A4724A53866}.Debug|Any CPU.ActiveCfg = Debug|Any CPU
		{7DA24E85-7023-43B8-BF8A-9A4724A53866}.Debug|Any CPU.Build.0 = Debug|Any CPU
		{7DA24E85-7023-43B8-BF8A-9A4724A53866}.Release|Any CPU.ActiveCfg = Release|Any CPU
		{7DA24E85-7023-43B8-BF8A-9A4724A53866}.Release|Any CPU.Build.0 = Release|Any CPU
	EndGlobalSection
	GlobalSection(SolutionProperties) = preSolution
		HideSolutionNode = FALSE
	EndGlobalSection
	GlobalSection(ExtensibilityGlobals) = postSolution
		SolutionGuid = {BFACDA7B-1700-4ED6-8E46-50F21FF3EC37}
	EndGlobalSection
EndGlobal
